
Microsoft Visual Studio Solution File, Format Version 12.00
# Visual Studio 2010
Project("{FAE04EC0-301F-11D3-BF4B-00C04F79EFBC}") = "PowerSaver", "PowerSaver\PowerSaver.csproj", "{63DD1D8C-F904-4677-A5CE-51377FF09FF1}"
EndProject
Project("{54435603-DBB4-11D2-8724-00A0C9A8B90C}") = "PowerSaverSetup", "PowerSaverSetup\PowerSaverSetup.vdproj", "{0DF624B4-D928-4CC5-A70F-3A5B918DA8F0}"
EndProject
Global
	GlobalSection(TeamFoundationVersionControl) = preSolution
		SccNumberOfProjects = 3
		SccEnterpriseProvider = {4CA58AB2-18FA-4F8D-95D4-32DDF27D184C}
		SccTeamFoundationServer = https://tfs.codeplex.com/tfs/tfs08
		SccLocalPath0 = .
		SccProjectUniqueName1 = PowerSaver\\PowerSaver.csproj
		SccProjectName1 = PowerSaver
		SccLocalPath1 = PowerSaver
		SccProjectUniqueName2 = PowerSaverSetup\\PowerSaverSetup.vdproj
		SccProjectName2 = PowerSaverSetup
		SccLocalPath2 = PowerSaverSetup
	EndGlobalSection
	GlobalSection(SolutionConfigurationPlatforms) = preSolution
		Debug|x86 = Debug|x86
		Release|x86 = Release|x86
	EndGlobalSection
	GlobalSection(ProjectConfigurationPlatforms) = postSolution
		{63DD1D8C-F904-4677-A5CE-51377FF09FF1}.Debug|x86.ActiveCfg = Debug|x86
		{63DD1D8C-F904-4677-A5CE-51377FF09FF1}.Debug|x86.Build.0 = Debug|x86
		{63DD1D8C-F904-4677-A5CE-51377FF09FF1}.Release|x86.ActiveCfg = Release|x86
		{63DD1D8C-F904-4677-A5CE-51377FF09FF1}.Release|x86.Build.0 = Release|x86
		{0DF624B4-D928-4CC5-A70F-3A5B918DA8F0}.Debug|x86.ActiveCfg = Debug
		{0DF624B4-D928-4CC5-A70F-3A5B918DA8F0}.Release|x86.ActiveCfg = Release
	EndGlobalSection
	GlobalSection(SolutionProperties) = preSolution
		HideSolutionNode = FALSE
	EndGlobalSection
EndGlobal
